
Microsoft Visual Studio Solution File, Format Version 12.00
# Visual Studio Version 16
VisualStudioVersion = 16.0.31402.337
MinimumVisualStudioVersion = 10.0.40219.1
Project("{9092AA53-FB77-4645-B42D-1CCCA6BD08BD}") = "ExpressApp3", "ExpressApp3\ExpressApp3.njsproj", "{2B7FF268-61D0-4ABF-B718-992A0147AC71}"
EndProject
Global
	GlobalSection(SolutionConfigurationPlatforms) = preSolution
		Debug|Any CPU = Debug|Any CPU
		Release|Any CPU = Release|Any CPU
	EndGlobalSection
	GlobalSection(ProjectConfigurationPlatforms) = postSolution
		{2B7FF268-61D0-4ABF-B718-992A0147AC71}.Debug|Any CPU.ActiveCfg = Debug|Any CPU
		{2B7FF268-61D0-4ABF-B718-992A0147AC71}.Debug|Any CPU.Build.0 = Debug|Any CPU
		{2B7FF268-61D0-4ABF-B718-992A0147AC71}.Release|Any CPU.ActiveCfg = Release|Any CPU
		{2B7FF268-61D0-4ABF-B718-992A0147AC71}.Release|Any CPU.Build.0 = Release|Any CPU
	EndGlobalSection
	GlobalSection(SolutionProperties) = preSolution
		HideSolutionNode = FALSE
	EndGlobalSection
	GlobalSection(ExtensibilityGlobals) = postSolution
		SolutionGuid = {F1CE7E69-C743-4BA0-9FC7-53DD1FA8BCB5}
	EndGlobalSection
EndGlobal
